
Microsoft Visual Studio Solution File, Format Version 12.00
# Visual Studio 15
VisualStudioVersion = 15.0.28010.2003
MinimumVisualStudioVersion = 10.0.40219.1
Project("{F184B08F-C81C-45F6-A57F-5ABD9991F28F}") = "NominasyJuegos", "ExamenFinal\NominasyJuegos.vbproj", "{7188D798-1EE2-4636-9795-9FB81BC16567}"
EndProject
Global
	GlobalSection(SolutionConfigurationPlatforms) = preSolution
		Debug|Any CPU = Debug|Any CPU
		Release|Any CPU = Release|Any CPU
	EndGlobalSection
	GlobalSection(ProjectConfigurationPlatforms) = postSolution
		{7188D798-1EE2-4636-9795-9FB81BC16567}.Debug|Any CPU.ActiveCfg = Debug|Any CPU
		{7188D798-1EE2-4636-9795-9FB81BC16567}.Debug|Any CPU.Build.0 = Debug|Any CPU
		{7188D798-1EE2-4636-9795-9FB81BC16567}.Release|Any CPU.ActiveCfg = Release|Any CPU
		{7188D798-1EE2-4636-9795-9FB81BC16567}.Release|Any CPU.Build.0 = Release|Any CPU
	EndGlobalSection
	GlobalSection(SolutionProperties) = preSolution
		HideSolutionNode = FALSE
	EndGlobalSection
	GlobalSection(ExtensibilityGlobals) = postSolution
		SolutionGuid = {67D5FBE8-4FE3-4D97-9D75-CCB8991528BB}
	EndGlobalSection
EndGlobal
